// !$*UTF8*$!
{
	archiveVersion = 1;
	classes = {
	};
	objectVersion = 51;
	objects = {

/* Begin PBXBuildFile section */
		2503D2A8E522329CEFAB136B /* Pods_Momentum_Fitness_Momentum_FitnessUITests.framework in Frameworks */ = {isa = PBXBuildFile; fileRef = 0F72B16C3B9306386C354091 /* Pods_Momentum_Fitness_Momentum_FitnessUITests.framework */; };
		375E2A9C2617497900E1CFCA /* AppDelegate.swift in Sources */ = {isa = PBXBuildFile; fileRef = 375E2A9B2617497900E1CFCA /* AppDelegate.swift */; };
		375E2A9E2617497900E1CFCA /* SceneDelegate.swift in Sources */ = {isa = PBXBuildFile; fileRef = 375E2A9D2617497900E1CFCA /* SceneDelegate.swift */; };
		375E2AA02617497900E1CFCA /* ViewController.swift in Sources */ = {isa = PBXBuildFile; fileRef = 375E2A9F2617497900E1CFCA /* ViewController.swift */; };
		375E2AA32617497900E1CFCA /* Main.storyboard in Resources */ = {isa = PBXBuildFile; fileRef = 375E2AA12617497900E1CFCA /* Main.storyboard */; };
		375E2AA62617497900E1CFCA /* Momentum_Fitness.xcdatamodeld in Sources */ = {isa = PBXBuildFile; fileRef = 375E2AA42617497900E1CFCA /* Momentum_Fitness.xcdatamodeld */; };
		375E2AA82617497A00E1CFCA /* Assets.xcassets in Resources */ = {isa = PBXBuildFile; fileRef = 375E2AA72617497A00E1CFCA /* Assets.xcassets */; };
		375E2AAB2617497A00E1CFCA /* LaunchScreen.storyboard in Resources */ = {isa = PBXBuildFile; fileRef = 375E2AA92617497A00E1CFCA /* LaunchScreen.storyboard */; };
		375E2AB62617497A00E1CFCA /* Momentum_FitnessTests.swift in Sources */ = {isa = PBXBuildFile; fileRef = 375E2AB52617497A00E1CFCA /* Momentum_FitnessTests.swift */; };
		375E2AC12617497A00E1CFCA /* Momentum_FitnessUITests.swift in Sources */ = {isa = PBXBuildFile; fileRef = 375E2AC02617497A00E1CFCA /* Momentum_FitnessUITests.swift */; };
		375E2AD326177A2800E1CFCA /* AccountNavigationVC.swift in Sources */ = {isa = PBXBuildFile; fileRef = 375E2AD226177A2800E1CFCA /* AccountNavigationVC.swift */; };
		375E2AE32617819800E1CFCA /* SignInVC.swift in Sources */ = {isa = PBXBuildFile; fileRef = 375E2AE22617819800E1CFCA /* SignInVC.swift */; };
		375E2AEB2617852100E1CFCA /* SignupVC.swift in Sources */ = {isa = PBXBuildFile; fileRef = 375E2AEA2617852100E1CFCA /* SignupVC.swift */; };
		379EE8FE2617974400A9B007 /* HomeVC.swift in Sources */ = {isa = PBXBuildFile; fileRef = 379EE8FD2617974400A9B007 /* HomeVC.swift */; };
		379EE9032617A34D00A9B007 /* WeightHeightVC.swift in Sources */ = {isa = PBXBuildFile; fileRef = 379EE9022617A34D00A9B007 /* WeightHeightVC.swift */; };
		379EE9082617A4AA00A9B007 /* GoalVC.swift in Sources */ = {isa = PBXBuildFile; fileRef = 379EE9072617A4AA00A9B007 /* GoalVC.swift */; };
		379EE90D2617A4D400A9B007 /* FitnessLevelVC.swift in Sources */ = {isa = PBXBuildFile; fileRef = 379EE90C2617A4D400A9B007 /* FitnessLevelVC.swift */; };
		379EE9122617A4F700A9B007 /* GenderVC.swift in Sources */ = {isa = PBXBuildFile; fileRef = 379EE9112617A4F700A9B007 /* GenderVC.swift */; };
		37F46F9E262F3201003526E1 /* RoutineDetails.swift in Sources */ = {isa = PBXBuildFile; fileRef = 37F46F9D262F3201003526E1 /* RoutineDetails.swift */; };
		6FBC691571881DD5D4A1DA19 /* Pods_Momentum_Fitness.framework in Frameworks */ = {isa = PBXBuildFile; fileRef = CE86AA053863FDE218E2A88A /* Pods_Momentum_Fitness.framework */; };
		874C1187AA8AAD22978AF40D /* Pods_Momentum_FitnessTests.framework in Frameworks */ = {isa = PBXBuildFile; fileRef = A6EA20C5532051ED26DCD67A /* Pods_Momentum_FitnessTests.framework */; };
		C9A176FB2617CD2500C72952 /* WorkoutRoutineVC.swift in Sources */ = {isa = PBXBuildFile; fileRef = C9A176FA2617CD2500C72952 /* WorkoutRoutineVC.swift */; };
		C9A177002617D56F00C72952 /* NewWorkoutVC.swift in Sources */ = {isa = PBXBuildFile; fileRef = C9A176FF2617D56F00C72952 /* NewWorkoutVC.swift */; };
		C9A177052617E39200C72952 /* UserProfileVC.swift in Sources */ = {isa = PBXBuildFile; fileRef = C9A177042617E39200C72952 /* UserProfileVC.swift */; };
		C9A1770A2617E9F300C72952 /* GreatJobVC.swift in Sources */ = {isa = PBXBuildFile; fileRef = C9A177092617E9F300C72952 /* GreatJobVC.swift */; };
		C9DA6CA32629E34700524BA8 /* Activity.swift in Sources */ = {isa = PBXBuildFile; fileRef = C9DA6CA22629E34700524BA8 /* Activity.swift */; };
		C9DA6CAA2629E55900524BA8 /* ActivityTableViewCell.swift in Sources */ = {isa = PBXBuildFile; fileRef = C9DA6CA92629E55900524BA8 /* ActivityTableViewCell.swift */; };
		C9DA6CB22629E58400524BA8 /* WorkoutTableViewCell.swift in Sources */ = {isa = PBXBuildFile; fileRef = C9DA6CB12629E58400524BA8 /* WorkoutTableViewCell.swift */; };
		C9DA6CB82629E6CC00524BA8 /* NewWorkoutDataSource.swift in Sources */ = {isa = PBXBuildFile; fileRef = C9DA6CB72629E6CC00524BA8 /* NewWorkoutDataSource.swift */; };
		C9DA6CBD2629E6EA00524BA8 /* RoutineDataSource.swift in Sources */ = {isa = PBXBuildFile; fileRef = C9DA6CBC2629E6EA00524BA8 /* RoutineDataSource.swift */; };
		C9DA6CCB2629F89500524BA8 /* NewWorkoutTableView.swift in Sources */ = {isa = PBXBuildFile; fileRef = C9DA6CCA2629F89500524BA8 /* NewWorkoutTableView.swift */; };
		C9DA6CD3262A199600524BA8 /* ActivityTableVC.swift in Sources */ = {isa = PBXBuildFile; fileRef = C9DA6CD2262A199600524BA8 /* ActivityTableVC.swift */; };
		C9DA6CEA262A5C9600524BA8 /* WorkoutRoutineTableView.swift in Sources */ = {isa = PBXBuildFile; fileRef = C9DA6CE9262A5C9600524BA8 /* WorkoutRoutineTableView.swift */; };
		C9DA6CEF262A60F600524BA8 /* Workout.swift in Sources */ = {isa = PBXBuildFile; fileRef = C9DA6CEE262A60F600524BA8 /* Workout.swift */; };
		C9DA6D0C262F9FAA00524BA8 /* RoutineDetailsTableView.swift in Sources */ = {isa = PBXBuildFile; fileRef = C9DA6D04262F9B3600524BA8 /* RoutineDetailsTableView.swift */; };
/* End PBXBuildFile section */

/* Begin PBXContainerItemProxy section */
		375E2AB22617497A00E1CFCA /* PBXContainerItemProxy */ = {
			isa = PBXContainerItemProxy;
			containerPortal = 375E2A902617497900E1CFCA /* Project object */;
			proxyType = 1;
			remoteGlobalIDString = 375E2A972617497900E1CFCA;
			remoteInfo = "Momentum Fitness";
		};
		375E2ABD2617497A00E1CFCA /* PBXContainerItemProxy */ = {
			isa = PBXContainerItemProxy;
			containerPortal = 375E2A902617497900E1CFCA /* Project object */;
			proxyType = 1;
			remoteGlobalIDString = 375E2A972617497900E1CFCA;
			remoteInfo = "Momentum Fitness";
		};
/* End PBXContainerItemProxy section */

/* Begin PBXFileReference section */
		09AB1CCC6AACAE57F7193DC9 /* Pods-Momentum Fitness-Momentum FitnessUITests.release.xcconfig */ = {isa = PBXFileReference; includeInIndex = 1; lastKnownFileType = text.xcconfig; name = "Pods-Momentum Fitness-Momentum FitnessUITests.release.xcconfig"; path = "Target Support Files/Pods-Momentum Fitness-Momentum FitnessUITests/Pods-Momentum Fitness-Momentum FitnessUITests.release.xcconfig"; sourceTree = "<group>"; };
		0F72B16C3B9306386C354091 /* Pods_Momentum_Fitness_Momentum_FitnessUITests.framework */ = {isa = PBXFileReference; explicitFileType = wrapper.framework; includeInIndex = 0; path = Pods_Momentum_Fitness_Momentum_FitnessUITests.framework; sourceTree = BUILT_PRODUCTS_DIR; };
		12E08BC38D02C5418FEA8BD8 /* Pods-Momentum Fitness.debug.xcconfig */ = {isa = PBXFileReference; includeInIndex = 1; lastKnownFileType = text.xcconfig; name = "Pods-Momentum Fitness.debug.xcconfig"; path = "Target Support Files/Pods-Momentum Fitness/Pods-Momentum Fitness.debug.xcconfig"; sourceTree = "<group>"; };
		1B7207F3FE04A127FE723B91 /* Pods-Momentum Fitness.release.xcconfig */ = {isa = PBXFileReference; includeInIndex = 1; lastKnownFileType = text.xcconfig; name = "Pods-Momentum Fitness.release.xcconfig"; path = "Target Support Files/Pods-Momentum Fitness/Pods-Momentum Fitness.release.xcconfig"; sourceTree = "<group>"; };
		375E2A982617497900E1CFCA /* Momentum Fitness.app */ = {isa = PBXFileReference; explicitFileType = wrapper.application; includeInIndex = 0; path = "Momentum Fitness.app"; sourceTree = BUILT_PRODUCTS_DIR; };
		375E2A9B2617497900E1CFCA /* AppDelegate.swift */ = {isa = PBXFileReference; lastKnownFileType = sourcecode.swift; path = AppDelegate.swift; sourceTree = "<group>"; };
		375E2A9D2617497900E1CFCA /* SceneDelegate.swift */ = {isa = PBXFileReference; lastKnownFileType = sourcecode.swift; path = SceneDelegate.swift; sourceTree = "<group>"; };
		375E2A9F2617497900E1CFCA /* ViewController.swift */ = {isa = PBXFileReference; lastKnownFileType = sourcecode.swift; path = ViewController.swift; sourceTree = "<group>"; };
		375E2AA22617497900E1CFCA /* Base */ = {isa = PBXFileReference; lastKnownFileType = file.storyboard; name = Base; path = Base.lproj/Main.storyboard; sourceTree = "<group>"; };
		375E2AA52617497900E1CFCA /* Momentum_Fitness.xcdatamodel */ = {isa = PBXFileReference; lastKnownFileType = wrapper.xcdatamodel; path = Momentum_Fitness.xcdatamodel; sourceTree = "<group>"; };
		375E2AA72617497A00E1CFCA /* Assets.xcassets */ = {isa = PBXFileReference; lastKnownFileType = folder.assetcatalog; path = Assets.xcassets; sourceTree = "<group>"; };
		375E2AAA2617497A00E1CFCA /* Base */ = {isa = PBXFileReference; lastKnownFileType = file.storyboard; name = Base; path = Base.lproj/LaunchScreen.storyboard; sourceTree = "<group>"; };
		375E2AAC2617497A00E1CFCA /* Info.plist */ = {isa = PBXFileReference; lastKnownFileType = text.plist.xml; path = Info.plist; sourceTree = "<group>"; };
		375E2AB12617497A00E1CFCA /* Momentum FitnessTests.xctest */ = {isa = PBXFileReference; explicitFileType = wrapper.cfbundle; includeInIndex = 0; path = "Momentum FitnessTests.xctest"; sourceTree = BUILT_PRODUCTS_DIR; };
		375E2AB52617497A00E1CFCA /* Momentum_FitnessTests.swift */ = {isa = PBXFileReference; lastKnownFileType = sourcecode.swift; path = Momentum_FitnessTests.swift; sourceTree = "<group>"; };
		375E2AB72617497A00E1CFCA /* Info.plist */ = {isa = PBXFileReference; lastKnownFileType = text.plist.xml; path = Info.plist; sourceTree = "<group>"; };
		375E2ABC2617497A00E1CFCA /* Momentum FitnessUITests.xctest */ = {isa = PBXFileReference; explicitFileType = wrapper.cfbundle; includeInIndex = 0; path = "Momentum FitnessUITests.xctest"; sourceTree = BUILT_PRODUCTS_DIR; };
		375E2AC02617497A00E1CFCA /* Momentum_FitnessUITests.swift */ = {isa = PBXFileReference; lastKnownFileType = sourcecode.swift; path = Momentum_FitnessUITests.swift; sourceTree = "<group>"; };
		375E2AC22617497A00E1CFCA /* Info.plist */ = {isa = PBXFileReference; lastKnownFileType = text.plist.xml; path = Info.plist; sourceTree = "<group>"; };
		375E2AD226177A2800E1CFCA /* AccountNavigationVC.swift */ = {isa = PBXFileReference; lastKnownFileType = sourcecode.swift; path = AccountNavigationVC.swift; sourceTree = "<group>"; };
		375E2AE22617819800E1CFCA /* SignInVC.swift */ = {isa = PBXFileReference; lastKnownFileType = sourcecode.swift; path = SignInVC.swift; sourceTree = "<group>"; };
		375E2AEA2617852100E1CFCA /* SignupVC.swift */ = {isa = PBXFileReference; lastKnownFileType = sourcecode.swift; path = SignupVC.swift; sourceTree = "<group>"; };
		37782A802627967D00001D93 /* Momentum Fitness.entitlements */ = {isa = PBXFileReference; lastKnownFileType = text.plist.entitlements; path = "Momentum Fitness.entitlements"; sourceTree = "<group>"; };
		379EE8FD2617974400A9B007 /* HomeVC.swift */ = {isa = PBXFileReference; lastKnownFileType = sourcecode.swift; path = HomeVC.swift; sourceTree = "<group>"; };
		379EE9022617A34D00A9B007 /* WeightHeightVC.swift */ = {isa = PBXFileReference; lastKnownFileType = sourcecode.swift; path = WeightHeightVC.swift; sourceTree = "<group>"; };
		379EE9072617A4AA00A9B007 /* GoalVC.swift */ = {isa = PBXFileReference; lastKnownFileType = sourcecode.swift; path = GoalVC.swift; sourceTree = "<group>"; };
		379EE90C2617A4D400A9B007 /* FitnessLevelVC.swift */ = {isa = PBXFileReference; lastKnownFileType = sourcecode.swift; path = FitnessLevelVC.swift; sourceTree = "<group>"; };
		379EE9112617A4F700A9B007 /* GenderVC.swift */ = {isa = PBXFileReference; lastKnownFileType = sourcecode.swift; path = GenderVC.swift; sourceTree = "<group>"; };
		37F46F9D262F3201003526E1 /* RoutineDetails.swift */ = {isa = PBXFileReference; lastKnownFileType = sourcecode.swift; path = RoutineDetails.swift; sourceTree = "<group>"; };
		60136A434DA4079D4A2229E7 /* Pods-Momentum FitnessTests.debug.xcconfig */ = {isa = PBXFileReference; includeInIndex = 1; lastKnownFileType = text.xcconfig; name = "Pods-Momentum FitnessTests.debug.xcconfig"; path = "Target Support Files/Pods-Momentum FitnessTests/Pods-Momentum FitnessTests.debug.xcconfig"; sourceTree = "<group>"; };
		A6EA20C5532051ED26DCD67A /* Pods_Momentum_FitnessTests.framework */ = {isa = PBXFileReference; explicitFileType = wrapper.framework; includeInIndex = 0; path = Pods_Momentum_FitnessTests.framework; sourceTree = BUILT_PRODUCTS_DIR; };
		AA202FE910E771CC186C28EE /* Pods-Momentum Fitness-Momentum FitnessUITests.debug.xcconfig */ = {isa = PBXFileReference; includeInIndex = 1; lastKnownFileType = text.xcconfig; name = "Pods-Momentum Fitness-Momentum FitnessUITests.debug.xcconfig"; path = "Target Support Files/Pods-Momentum Fitness-Momentum FitnessUITests/Pods-Momentum Fitness-Momentum FitnessUITests.debug.xcconfig"; sourceTree = "<group>"; };
		C9A176FA2617CD2500C72952 /* WorkoutRoutineVC.swift */ = {isa = PBXFileReference; lastKnownFileType = sourcecode.swift; path = WorkoutRoutineVC.swift; sourceTree = "<group>"; };
		C9A176FF2617D56F00C72952 /* NewWorkoutVC.swift */ = {isa = PBXFileReference; lastKnownFileType = sourcecode.swift; path = NewWorkoutVC.swift; sourceTree = "<group>"; };
		C9A177042617E39200C72952 /* UserProfileVC.swift */ = {isa = PBXFileReference; lastKnownFileType = sourcecode.swift; path = UserProfileVC.swift; sourceTree = "<group>"; };
		C9A177092617E9F300C72952 /* GreatJobVC.swift */ = {isa = PBXFileReference; lastKnownFileType = sourcecode.swift; path = GreatJobVC.swift; sourceTree = "<group>"; };
		C9DA6CA22629E34700524BA8 /* Activity.swift */ = {isa = PBXFileReference; lastKnownFileType = sourcecode.swift; path = Activity.swift; sourceTree = "<group>"; };
		C9DA6CA92629E55900524BA8 /* ActivityTableViewCell.swift */ = {isa = PBXFileReference; lastKnownFileType = sourcecode.swift; path = ActivityTableViewCell.swift; sourceTree = "<group>"; };
		C9DA6CB12629E58400524BA8 /* WorkoutTableViewCell.swift */ = {isa = PBXFileReference; lastKnownFileType = sourcecode.swift; path = WorkoutTableViewCell.swift; sourceTree = "<group>"; };
		C9DA6CB72629E6CC00524BA8 /* NewWorkoutDataSource.swift */ = {isa = PBXFileReference; lastKnownFileType = sourcecode.swift; path = NewWorkoutDataSource.swift; sourceTree = "<group>"; };
		C9DA6CBC2629E6EA00524BA8 /* RoutineDataSource.swift */ = {isa = PBXFileReference; lastKnownFileType = sourcecode.swift; path = RoutineDataSource.swift; sourceTree = "<group>"; };
		C9DA6CCA2629F89500524BA8 /* NewWorkoutTableView.swift */ = {isa = PBXFileReference; lastKnownFileType = sourcecode.swift; path = NewWorkoutTableView.swift; sourceTree = "<group>"; };
		C9DA6CD2262A199600524BA8 /* ActivityTableVC.swift */ = {isa = PBXFileReference; lastKnownFileType = sourcecode.swift; path = ActivityTableVC.swift; sourceTree = "<group>"; };
		C9DA6CE9262A5C9600524BA8 /* WorkoutRoutineTableView.swift */ = {isa = PBXFileReference; lastKnownFileType = sourcecode.swift; name = WorkoutRoutineTableView.swift; path = "Momentum Fitness/Controllers/WorkoutRoutineTableView.swift"; sourceTree = SOURCE_ROOT; };
		C9DA6CEE262A60F600524BA8 /* Workout.swift */ = {isa = PBXFileReference; lastKnownFileType = sourcecode.swift; path = Workout.swift; sourceTree = "<group>"; };
		C9DA6D04262F9B3600524BA8 /* RoutineDetailsTableView.swift */ = {isa = PBXFileReference; lastKnownFileType = sourcecode.swift; path = RoutineDetailsTableView.swift; sourceTree = "<group>"; };
		CE86AA053863FDE218E2A88A /* Pods_Momentum_Fitness.framework */ = {isa = PBXFileReference; explicitFileType = wrapper.framework; includeInIndex = 0; path = Pods_Momentum_Fitness.framework; sourceTree = BUILT_PRODUCTS_DIR; };
		FF19EF58E4F677342688565F /* Pods-Momentum FitnessTests.release.xcconfig */ = {isa = PBXFileReference; includeInIndex = 1; lastKnownFileType = text.xcconfig; name = "Pods-Momentum FitnessTests.release.xcconfig"; path = "Target Support Files/Pods-Momentum FitnessTests/Pods-Momentum FitnessTests.release.xcconfig"; sourceTree = "<group>"; };
/* End PBXFileReference section */

/* Begin PBXFrameworksBuildPhase section */
		375E2A952617497900E1CFCA /* Frameworks */ = {
			isa = PBXFrameworksBuildPhase;
			buildActionMask = 2147483647;
			files = (
				6FBC691571881DD5D4A1DA19 /* Pods_Momentum_Fitness.framework in Frameworks */,
			);
			runOnlyForDeploymentPostprocessing = 0;
		};
		375E2AAE2617497A00E1CFCA /* Frameworks */ = {
			isa = PBXFrameworksBuildPhase;
			buildActionMask = 2147483647;
			files = (
				874C1187AA8AAD22978AF40D /* Pods_Momentum_FitnessTests.framework in Frameworks */,
			);
			runOnlyForDeploymentPostprocessing = 0;
		};
		375E2AB92617497A00E1CFCA /* Frameworks */ = {
			isa = PBXFrameworksBuildPhase;
			buildActionMask = 2147483647;
			files = (
				2503D2A8E522329CEFAB136B /* Pods_Momentum_Fitness_Momentum_FitnessUITests.framework in Frameworks */,
			);
			runOnlyForDeploymentPostprocessing = 0;
		};
/* End PBXFrameworksBuildPhase section */

/* Begin PBXGroup section */
		375E2A8F2617497900E1CFCA = {
			isa = PBXGroup;
			children = (
				375E2A9A2617497900E1CFCA /* Momentum Fitness */,
				375E2AB42617497A00E1CFCA /* Momentum FitnessTests */,
				375E2ABF2617497A00E1CFCA /* Momentum FitnessUITests */,
				375E2A992617497900E1CFCA /* Products */,
				71EE39ED699EEA4B5E1B9830 /* Pods */,
				F8187DBD99010A660A8EFCF4 /* Frameworks */,
			);
			sourceTree = "<group>";
		};
		375E2A992617497900E1CFCA /* Products */ = {
			isa = PBXGroup;
			children = (
				375E2A982617497900E1CFCA /* Momentum Fitness.app */,
				375E2AB12617497A00E1CFCA /* Momentum FitnessTests.xctest */,
				375E2ABC2617497A00E1CFCA /* Momentum FitnessUITests.xctest */,
			);
			name = Products;
			sourceTree = "<group>";
		};
		375E2A9A2617497900E1CFCA /* Momentum Fitness */ = {
			isa = PBXGroup;
			children = (
				C9DA6CB62629E64600524BA8 /* Data Source */,
				C9DA6CA82629E4CD00524BA8 /* View */,
				C9DA6CA12629E30E00524BA8 /* Model */,
				37782A802627967D00001D93 /* Momentum Fitness.entitlements */,
				375E2AD1261779ED00E1CFCA /* Controllers */,
				375E2A9B2617497900E1CFCA /* AppDelegate.swift */,
				375E2A9D2617497900E1CFCA /* SceneDelegate.swift */,
				375E2AA12617497900E1CFCA /* Main.storyboard */,
				375E2AA72617497A00E1CFCA /* Assets.xcassets */,
				375E2AA92617497A00E1CFCA /* LaunchScreen.storyboard */,
				375E2AAC2617497A00E1CFCA /* Info.plist */,
				375E2AA42617497900E1CFCA /* Momentum_Fitness.xcdatamodeld */,
			);
			path = "Momentum Fitness";
			sourceTree = "<group>";
		};
		375E2AB42617497A00E1CFCA /* Momentum FitnessTests */ = {
			isa = PBXGroup;
			children = (
				C9DA6D04262F9B3600524BA8 /* RoutineDetailsTableView.swift */,
				375E2AB52617497A00E1CFCA /* Momentum_FitnessTests.swift */,
				375E2AB72617497A00E1CFCA /* Info.plist */,
			);
			path = "Momentum FitnessTests";
			sourceTree = "<group>";
		};
		375E2ABF2617497A00E1CFCA /* Momentum FitnessUITests */ = {
			isa = PBXGroup;
			children = (
				375E2AC02617497A00E1CFCA /* Momentum_FitnessUITests.swift */,
				375E2AC22617497A00E1CFCA /* Info.plist */,
			);
			path = "Momentum FitnessUITests";
			sourceTree = "<group>";
		};
		375E2AD1261779ED00E1CFCA /* Controllers */ = {
			isa = PBXGroup;
			children = (
				375E2A9F2617497900E1CFCA /* ViewController.swift */,
				375E2AD226177A2800E1CFCA /* AccountNavigationVC.swift */,
				375E2AE22617819800E1CFCA /* SignInVC.swift */,
				375E2AEA2617852100E1CFCA /* SignupVC.swift */,
				379EE8FD2617974400A9B007 /* HomeVC.swift */,
				379EE9022617A34D00A9B007 /* WeightHeightVC.swift */,
				379EE9072617A4AA00A9B007 /* GoalVC.swift */,
				379EE90C2617A4D400A9B007 /* FitnessLevelVC.swift */,
				C9DA6CE9262A5C9600524BA8 /* WorkoutRoutineTableView.swift */,
				379EE9112617A4F700A9B007 /* GenderVC.swift */,
				C9A176FA2617CD2500C72952 /* WorkoutRoutineVC.swift */,
				C9A176FF2617D56F00C72952 /* NewWorkoutVC.swift */,
				C9A177042617E39200C72952 /* UserProfileVC.swift */,
				C9A177092617E9F300C72952 /* GreatJobVC.swift */,
				C9DA6CCA2629F89500524BA8 /* NewWorkoutTableView.swift */,
				C9DA6CD2262A199600524BA8 /* ActivityTableVC.swift */,
				37F46F9D262F3201003526E1 /* RoutineDetails.swift */,
			);
			path = Controllers;
			sourceTree = "<group>";
		};
		71EE39ED699EEA4B5E1B9830 /* Pods */ = {
			isa = PBXGroup;
			children = (
				12E08BC38D02C5418FEA8BD8 /* Pods-Momentum Fitness.debug.xcconfig */,
				1B7207F3FE04A127FE723B91 /* Pods-Momentum Fitness.release.xcconfig */,
				AA202FE910E771CC186C28EE /* Pods-Momentum Fitness-Momentum FitnessUITests.debug.xcconfig */,
				09AB1CCC6AACAE57F7193DC9 /* Pods-Momentum Fitness-Momentum FitnessUITests.release.xcconfig */,
				60136A434DA4079D4A2229E7 /* Pods-Momentum FitnessTests.debug.xcconfig */,
				FF19EF58E4F677342688565F /* Pods-Momentum FitnessTests.release.xcconfig */,
			);
			path = Pods;
			sourceTree = "<group>";
		};
		C9DA6CA12629E30E00524BA8 /* Model */ = {
			isa = PBXGroup;
			children = (
				C9DA6CA22629E34700524BA8 /* Activity.swift */,
				C9DA6CEE262A60F600524BA8 /* Workout.swift */,
			);
			path = Model;
			sourceTree = "<group>";
		};
		C9DA6CA82629E4CD00524BA8 /* View */ = {
			isa = PBXGroup;
			children = (
				C9DA6CA92629E55900524BA8 /* ActivityTableViewCell.swift */,
				C9DA6CB12629E58400524BA8 /* WorkoutTableViewCell.swift */,
			);
			path = View;
			sourceTree = "<group>";
		};
		C9DA6CB62629E64600524BA8 /* Data Source */ = {
			isa = PBXGroup;
			children = (
				C9DA6CB72629E6CC00524BA8 /* NewWorkoutDataSource.swift */,
				C9DA6CBC2629E6EA00524BA8 /* RoutineDataSource.swift */,
			);
			path = "Data Source";
			sourceTree = "<group>";
		};
		F8187DBD99010A660A8EFCF4 /* Frameworks */ = {
			isa = PBXGroup;
			children = (
				CE86AA053863FDE218E2A88A /* Pods_Momentum_Fitness.framework */,
				0F72B16C3B9306386C354091 /* Pods_Momentum_Fitness_Momentum_FitnessUITests.framework */,
				A6EA20C5532051ED26DCD67A /* Pods_Momentum_FitnessTests.framework */,
			);
			name = Frameworks;
			sourceTree = "<group>";
		};
/* End PBXGroup section */

/* Begin PBXNativeTarget section */
		375E2A972617497900E1CFCA /* Momentum Fitness */ = {
			isa = PBXNativeTarget;
			buildConfigurationList = 375E2AC52617497A00E1CFCA /* Build configuration list for PBXNativeTarget "Momentum Fitness" */;
			buildPhases = (
				75C8A00FBDA1E98CAFA940B9 /* [CP] Check Pods Manifest.lock */,
				375E2A942617497900E1CFCA /* Sources */,
				375E2A952617497900E1CFCA /* Frameworks */,
				375E2A962617497900E1CFCA /* Resources */,
				6FA7817C5434CDCF250FE631 /* [CP] Embed Pods Frameworks */,
			);
			buildRules = (
			);
			dependencies = (
			);
			name = "Momentum Fitness";
			productName = "Momentum Fitness";
			productReference = 375E2A982617497900E1CFCA /* Momentum Fitness.app */;
			productType = "com.apple.product-type.application";
		};
		375E2AB02617497A00E1CFCA /* Momentum FitnessTests */ = {
			isa = PBXNativeTarget;
			buildConfigurationList = 375E2AC82617497A00E1CFCA /* Build configuration list for PBXNativeTarget "Momentum FitnessTests" */;
			buildPhases = (
				DCF3B65A9D082CE33255B36A /* [CP] Check Pods Manifest.lock */,
				375E2AAD2617497A00E1CFCA /* Sources */,
				375E2AAE2617497A00E1CFCA /* Frameworks */,
				375E2AAF2617497A00E1CFCA /* Resources */,
			);
			buildRules = (
			);
			dependencies = (
				375E2AB32617497A00E1CFCA /* PBXTargetDependency */,
			);
			name = "Momentum FitnessTests";
			productName = "Momentum FitnessTests";
			productReference = 375E2AB12617497A00E1CFCA /* Momentum FitnessTests.xctest */;
			productType = "com.apple.product-type.bundle.unit-test";
		};
		375E2ABB2617497A00E1CFCA /* Momentum FitnessUITests */ = {
			isa = PBXNativeTarget;
			buildConfigurationList = 375E2ACB2617497A00E1CFCA /* Build configuration list for PBXNativeTarget "Momentum FitnessUITests" */;
			buildPhases = (
				2F990595C29729002CC584F2 /* [CP] Check Pods Manifest.lock */,
				375E2AB82617497A00E1CFCA /* Sources */,
				375E2AB92617497A00E1CFCA /* Frameworks */,
				375E2ABA2617497A00E1CFCA /* Resources */,
				19D0A9A04C7015544E35CD2F /* [CP] Embed Pods Frameworks */,
			);
			buildRules = (
			);
			dependencies = (
				375E2ABE2617497A00E1CFCA /* PBXTargetDependency */,
			);
			name = "Momentum FitnessUITests";
			productName = "Momentum FitnessUITests";
			productReference = 375E2ABC2617497A00E1CFCA /* Momentum FitnessUITests.xctest */;
			productType = "com.apple.product-type.bundle.ui-testing";
		};
/* End PBXNativeTarget section */

/* Begin PBXProject section */
		375E2A902617497900E1CFCA /* Project object */ = {
			isa = PBXProject;
			attributes = {
				LastSwiftUpdateCheck = 1240;
				LastUpgradeCheck = 1240;
				TargetAttributes = {
					375E2A972617497900E1CFCA = {
						CreatedOnToolsVersion = 12.4;
					};
					375E2AB02617497A00E1CFCA = {
						CreatedOnToolsVersion = 12.4;
						TestTargetID = 375E2A972617497900E1CFCA;
					};
					375E2ABB2617497A00E1CFCA = {
						CreatedOnToolsVersion = 12.4;
						TestTargetID = 375E2A972617497900E1CFCA;
					};
				};
			};
			buildConfigurationList = 375E2A932617497900E1CFCA /* Build configuration list for PBXProject "Momentum Fitness" */;
			compatibilityVersion = "Xcode 9.3";
			developmentRegion = en;
			hasScannedForEncodings = 0;
			knownRegions = (
				en,
				Base,
			);
			mainGroup = 375E2A8F2617497900E1CFCA;
			productRefGroup = 375E2A992617497900E1CFCA /* Products */;
			projectDirPath = "";
			projectRoot = "";
			targets = (
				375E2A972617497900E1CFCA /* Momentum Fitness */,
				375E2AB02617497A00E1CFCA /* Momentum FitnessTests */,
				375E2ABB2617497A00E1CFCA /* Momentum FitnessUITests */,
			);
		};
/* End PBXProject section */

/* Begin PBXResourcesBuildPhase section */
		375E2A962617497900E1CFCA /* Resources */ = {
			isa = PBXResourcesBuildPhase;
			buildActionMask = 2147483647;
			files = (
				375E2AAB2617497A00E1CFCA /* LaunchScreen.storyboard in Resources */,
				375E2AA82617497A00E1CFCA /* Assets.xcassets in Resources */,
				375E2AA32617497900E1CFCA /* Main.storyboard in Resources */,
			);
			runOnlyForDeploymentPostprocessing = 0;
		};
		375E2AAF2617497A00E1CFCA /* Resources */ = {
			isa = PBXResourcesBuildPhase;
			buildActionMask = 2147483647;
			files = (
			);
			runOnlyForDeploymentPostprocessing = 0;
		};
		375E2ABA2617497A00E1CFCA /* Resources */ = {
			isa = PBXResourcesBuildPhase;
			buildActionMask = 2147483647;
			files = (
			);
			runOnlyForDeploymentPostprocessing = 0;
		};
/* End PBXResourcesBuildPhase section */

/* Begin PBXShellScriptBuildPhase section */
		19D0A9A04C7015544E35CD2F /* [CP] Embed Pods Frameworks */ = {
			isa = PBXShellScriptBuildPhase;
			buildActionMask = 2147483647;
			files = (
			);
			inputFileListPaths = (
				"${PODS_ROOT}/Target Support Files/Pods-Momentum Fitness-Momentum FitnessUITests/Pods-Momentum Fitness-Momentum FitnessUITests-frameworks-${CONFIGURATION}-input-files.xcfilelist",
			);
			name = "[CP] Embed Pods Frameworks";
			outputFileListPaths = (
				"${PODS_ROOT}/Target Support Files/Pods-Momentum Fitness-Momentum FitnessUITests/Pods-Momentum Fitness-Momentum FitnessUITests-frameworks-${CONFIGURATION}-output-files.xcfilelist",
			);
			runOnlyForDeploymentPostprocessing = 0;
			shellPath = /bin/sh;
			shellScript = "\"${PODS_ROOT}/Target Support Files/Pods-Momentum Fitness-Momentum FitnessUITests/Pods-Momentum Fitness-Momentum FitnessUITests-frameworks.sh\"\n";
			showEnvVarsInLog = 0;
		};
		2F990595C29729002CC584F2 /* [CP] Check Pods Manifest.lock */ = {
			isa = PBXShellScriptBuildPhase;
			buildActionMask = 2147483647;
			files = (
			);
			inputFileListPaths = (
			);
			inputPaths = (
				"${PODS_PODFILE_DIR_PATH}/Podfile.lock",
				"${PODS_ROOT}/Manifest.lock",
			);
			name = "[CP] Check Pods Manifest.lock";
			outputFileListPaths = (
			);
			outputPaths = (
				"$(DERIVED_FILE_DIR)/Pods-Momentum Fitness-Momentum FitnessUITests-checkManifestLockResult.txt",
			);
			runOnlyForDeploymentPostprocessing = 0;
			shellPath = /bin/sh;
			shellScript = "diff \"${PODS_PODFILE_DIR_PATH}/Podfile.lock\" \"${PODS_ROOT}/Manifest.lock\" > /dev/null\nif [ $? != 0 ] ; then\n    # print error to STDERR\n    echo \"error: The sandbox is not in sync with the Podfile.lock. Run 'pod install' or update your CocoaPods installation.\" >&2\n    exit 1\nfi\n# This output is used by Xcode 'outputs' to avoid re-running this script phase.\necho \"SUCCESS\" > \"${SCRIPT_OUTPUT_FILE_0}\"\n";
			showEnvVarsInLog = 0;
		};
		6FA7817C5434CDCF250FE631 /* [CP] Embed Pods Frameworks */ = {
			isa = PBXShellScriptBuildPhase;
			buildActionMask = 2147483647;
			files = (
			);
			inputFileListPaths = (
				"${PODS_ROOT}/Target Support Files/Pods-Momentum Fitness/Pods-Momentum Fitness-frameworks-${CONFIGURATION}-input-files.xcfilelist",
			);
			name = "[CP] Embed Pods Frameworks";
			outputFileListPaths = (
				"${PODS_ROOT}/Target Support Files/Pods-Momentum Fitness/Pods-Momentum Fitness-frameworks-${CONFIGURATION}-output-files.xcfilelist",
			);
			runOnlyForDeploymentPostprocessing = 0;
			shellPath = /bin/sh;
			shellScript = "\"${PODS_ROOT}/Target Support Files/Pods-Momentum Fitness/Pods-Momentum Fitness-frameworks.sh\"\n";
			showEnvVarsInLog = 0;
		};
		75C8A00FBDA1E98CAFA940B9 /* [CP] Check Pods Manifest.lock */ = {
			isa = PBXShellScriptBuildPhase;
			buildActionMask = 2147483647;
			files = (
			);
			inputFileListPaths = (
			);
			inputPaths = (
				"${PODS_PODFILE_DIR_PATH}/Podfile.lock",
				"${PODS_ROOT}/Manifest.lock",
			);
			name = "[CP] Check Pods Manifest.lock";
			outputFileListPaths = (
			);
			outputPaths = (
				"$(DERIVED_FILE_DIR)/Pods-Momentum Fitness-checkManifestLockResult.txt",
			);
			runOnlyForDeploymentPostprocessing = 0;
			shellPath = /bin/sh;
			shellScript = "diff \"${PODS_PODFILE_DIR_PATH}/Podfile.lock\" \"${PODS_ROOT}/Manifest.lock\" > /dev/null\nif [ $? != 0 ] ; then\n    # print error to STDERR\n    echo \"error: The sandbox is not in sync with the Podfile.lock. Run 'pod install' or update your CocoaPods installation.\" >&2\n    exit 1\nfi\n# This output is used by Xcode 'outputs' to avoid re-running this script phase.\necho \"SUCCESS\" > \"${SCRIPT_OUTPUT_FILE_0}\"\n";
			showEnvVarsInLog = 0;
		};
		DCF3B65A9D082CE33255B36A /* [CP] Check Pods Manifest.lock */ = {
			isa = PBXShellScriptBuildPhase;
			buildActionMask = 2147483647;
			files = (
			);
			inputFileListPaths = (
			);
			inputPaths = (
				"${PODS_PODFILE_DIR_PATH}/Podfile.lock",
				"${PODS_ROOT}/Manifest.lock",
			);
			name = "[CP] Check Pods Manifest.lock";
			outputFileListPaths = (
			);
			outputPaths = (
				"$(DERIVED_FILE_DIR)/Pods-Momentum FitnessTests-checkManifestLockResult.txt",
			);
			runOnlyForDeploymentPostprocessing = 0;
			shellPath = /bin/sh;
			shellScript = "diff \"${PODS_PODFILE_DIR_PATH}/Podfile.lock\" \"${PODS_ROOT}/Manifest.lock\" > /dev/null\nif [ $? != 0 ] ; then\n    # print error to STDERR\n    echo \"error: The sandbox is not in sync with the Podfile.lock. Run 'pod install' or update your CocoaPods installation.\" >&2\n    exit 1\nfi\n# This output is used by Xcode 'outputs' to avoid re-running this script phase.\necho \"SUCCESS\" > \"${SCRIPT_OUTPUT_FILE_0}\"\n";
			showEnvVarsInLog = 0;
		};
/* End PBXShellScriptBuildPhase section */

/* Begin PBXSourcesBuildPhase section */
		375E2A942617497900E1CFCA /* Sources */ = {
			isa = PBXSourcesBuildPhase;
			buildActionMask = 2147483647;
			files = (
				C9DA6CA32629E34700524BA8 /* Activity.swift in Sources */,
				37F46F9E262F3201003526E1 /* RoutineDetails.swift in Sources */,
				379EE90D2617A4D400A9B007 /* FitnessLevelVC.swift in Sources */,
				375E2AD326177A2800E1CFCA /* AccountNavigationVC.swift in Sources */,
				C9A1770A2617E9F300C72952 /* GreatJobVC.swift in Sources */,
				C9A176FB2617CD2500C72952 /* WorkoutRoutineVC.swift in Sources */,
				379EE9082617A4AA00A9B007 /* GoalVC.swift in Sources */,
				C9DA6CD3262A199600524BA8 /* ActivityTableVC.swift in Sources */,
				C9DA6CB22629E58400524BA8 /* WorkoutTableViewCell.swift in Sources */,
				379EE8FE2617974400A9B007 /* HomeVC.swift in Sources */,
				375E2AEB2617852100E1CFCA /* SignupVC.swift in Sources */,
				C9DA6CAA2629E55900524BA8 /* ActivityTableViewCell.swift in Sources */,
				375E2AA02617497900E1CFCA /* ViewController.swift in Sources */,
				375E2AE32617819800E1CFCA /* SignInVC.swift in Sources */,
				C9DA6CCB2629F89500524BA8 /* NewWorkoutTableView.swift in Sources */,
				C9A177052617E39200C72952 /* UserProfileVC.swift in Sources */,
				C9DA6CB82629E6CC00524BA8 /* NewWorkoutDataSource.swift in Sources */,
				375E2A9C2617497900E1CFCA /* AppDelegate.swift in Sources */,
				379EE9032617A34D00A9B007 /* WeightHeightVC.swift in Sources */,
				375E2AA62617497900E1CFCA /* Momentum_Fitness.xcdatamodeld in Sources */,
				C9DA6CBD2629E6EA00524BA8 /* RoutineDataSource.swift in Sources */,
				C9DA6CEA262A5C9600524BA8 /* WorkoutRoutineTableView.swift in Sources */,
				C9A177002617D56F00C72952 /* NewWorkoutVC.swift in Sources */,
				375E2A9E2617497900E1CFCA /* SceneDelegate.swift in Sources */,
				C9DA6CEF262A60F600524BA8 /* Workout.swift in Sources */,
				379EE9122617A4F700A9B007 /* GenderVC.swift in Sources */,
			);
			runOnlyForDeploymentPostprocessing = 0;
		};
		375E2AAD2617497A00E1CFCA /* Sources */ = {
			isa = PBXSourcesBuildPhase;
			buildActionMask = 2147483647;
			files = (
				375E2AB62617497A00E1CFCA /* Momentum_FitnessTests.swift in Sources */,
				C9DA6D0C262F9FAA00524BA8 /* RoutineDetailsTableView.swift in Sources */,
			);
			runOnlyForDeploymentPostprocessing = 0;
		};
		375E2AB82617497A00E1CFCA /* Sources */ = {
			isa = PBXSourcesBuildPhase;
			buildActionMask = 2147483647;
			files = (
				375E2AC12617497A00E1CFCA /* Momentum_FitnessUITests.swift in Sources */,
			);
			runOnlyForDeploymentPostprocessing = 0;
		};
/* End PBXSourcesBuildPhase section */

/* Begin PBXTargetDependency section */
		375E2AB32617497A00E1CFCA /* PBXTargetDependency */ = {
			isa = PBXTargetDependency;
			target = 375E2A972617497900E1CFCA /* Momentum Fitness */;
			targetProxy = 375E2AB22617497A00E1CFCA /* PBXContainerItemProxy */;
		};
		375E2ABE2617497A00E1CFCA /* PBXTargetDependency */ = {
			isa = PBXTargetDependency;
			target = 375E2A972617497900E1CFCA /* Momentum Fitness */;
			targetProxy = 375E2ABD2617497A00E1CFCA /* PBXContainerItemProxy */;
		};
/* End PBXTargetDependency section */

/* Begin PBXVariantGroup section */
		375E2AA12617497900E1CFCA /* Main.storyboard */ = {
			isa = PBXVariantGroup;
			children = (
				375E2AA22617497900E1CFCA /* Base */,
			);
			name = Main.storyboard;
			sourceTree = "<group>";
		};
		375E2AA92617497A00E1CFCA /* LaunchScreen.storyboard */ = {
			isa = PBXVariantGroup;
			children = (
				375E2AAA2617497A00E1CFCA /* Base */,
			);
			name = LaunchScreen.storyboard;
			sourceTree = "<group>";
		};
/* End PBXVariantGroup section */

/* Begin XCBuildConfiguration section */
		375E2AC32617497A00E1CFCA /* Debug */ = {
			isa = XCBuildConfiguration;
			buildSettings = {
				ALWAYS_SEARCH_USER_PATHS = NO;
				CLANG_ANALYZER_NONNULL = YES;
				CLANG_ANALYZER_NUMBER_OBJECT_CONVERSION = YES_AGGRESSIVE;
				CLANG_CXX_LANGUAGE_STANDARD = "gnu++14";
				CLANG_CXX_LIBRARY = "libc++";
				CLANG_ENABLE_MODULES = YES;
				CLANG_ENABLE_OBJC_ARC = YES;
				CLANG_ENABLE_OBJC_WEAK = YES;
				CLANG_WARN_BLOCK_CAPTURE_AUTORELEASING = YES;
				CLANG_WARN_BOOL_CONVERSION = YES;
				CLANG_WARN_COMMA = YES;
				CLANG_WARN_CONSTANT_CONVERSION = YES;
				CLANG_WARN_DEPRECATED_OBJC_IMPLEMENTATIONS = YES;
				CLANG_WARN_DIRECT_OBJC_ISA_USAGE = YES_ERROR;
				CLANG_WARN_DOCUMENTATION_COMMENTS = YES;
				CLANG_WARN_EMPTY_BODY = YES;
				CLANG_WARN_ENUM_CONVERSION = YES;
				CLANG_WARN_INFINITE_RECURSION = YES;
				CLANG_WARN_INT_CONVERSION = YES;
				CLANG_WARN_NON_LITERAL_NULL_CONVERSION = YES;
				CLANG_WARN_OBJC_IMPLICIT_RETAIN_SELF = YES;
				CLANG_WARN_OBJC_LITERAL_CONVERSION = YES;
				CLANG_WARN_OBJC_ROOT_CLASS = YES_ERROR;
				CLANG_WARN_QUOTED_INCLUDE_IN_FRAMEWORK_HEADER = YES;
				CLANG_WARN_RANGE_LOOP_ANALYSIS = YES;
				CLANG_WARN_STRICT_PROTOTYPES = YES;
				CLANG_WARN_SUSPICIOUS_MOVE = YES;
				CLANG_WARN_UNGUARDED_AVAILABILITY = YES_AGGRESSIVE;
				CLANG_WARN_UNREACHABLE_CODE = YES;
				CLANG_WARN__DUPLICATE_METHOD_MATCH = YES;
				COPY_PHASE_STRIP = NO;
				DEBUG_INFORMATION_FORMAT = dwarf;
				ENABLE_STRICT_OBJC_MSGSEND = YES;
				ENABLE_TESTABILITY = YES;
				GCC_C_LANGUAGE_STANDARD = gnu11;
				GCC_DYNAMIC_NO_PIC = NO;
				GCC_NO_COMMON_BLOCKS = YES;
				GCC_OPTIMIZATION_LEVEL = 0;
				GCC_PREPROCESSOR_DEFINITIONS = (
					"DEBUG=1",
					"$(inherited)",
				);
				GCC_WARN_64_TO_32_BIT_CONVERSION = YES;
				GCC_WARN_ABOUT_RETURN_TYPE = YES_ERROR;
				GCC_WARN_UNDECLARED_SELECTOR = YES;
				GCC_WARN_UNINITIALIZED_AUTOS = YES_AGGRESSIVE;
				GCC_WARN_UNUSED_FUNCTION = YES;
				GCC_WARN_UNUSED_VARIABLE = YES;
				IPHONEOS_DEPLOYMENT_TARGET = 14.4;
				MTL_ENABLE_DEBUG_INFO = INCLUDE_SOURCE;
				MTL_FAST_MATH = YES;
				ONLY_ACTIVE_ARCH = YES;
				SDKROOT = iphoneos;
				SWIFT_ACTIVE_COMPILATION_CONDITIONS = DEBUG;
				SWIFT_OPTIMIZATION_LEVEL = "-Onone";
			};
			name = Debug;
		};
		375E2AC42617497A00E1CFCA /* Release */ = {
			isa = XCBuildConfiguration;
			buildSettings = {
				ALWAYS_SEARCH_USER_PATHS = NO;
				CLANG_ANALYZER_NONNULL = YES;
				CLANG_ANALYZER_NUMBER_OBJECT_CONVERSION = YES_AGGRESSIVE;
				CLANG_CXX_LANGUAGE_STANDARD = "gnu++14";
				CLANG_CXX_LIBRARY = "libc++";
				CLANG_ENABLE_MODULES = YES;
				CLANG_ENABLE_OBJC_ARC = YES;
				CLANG_ENABLE_OBJC_WEAK = YES;
				CLANG_WARN_BLOCK_CAPTURE_AUTORELEASING = YES;
				CLANG_WARN_BOOL_CONVERSION = YES;
				CLANG_WARN_COMMA = YES;
				CLANG_WARN_CONSTANT_CONVERSION = YES;
				CLANG_WARN_DEPRECATED_OBJC_IMPLEMENTATIONS = YES;
				CLANG_WARN_DIRECT_OBJC_ISA_USAGE = YES_ERROR;
				CLANG_WARN_DOCUMENTATION_COMMENTS = YES;
				CLANG_WARN_EMPTY_BODY = YES;
				CLANG_WARN_ENUM_CONVERSION = YES;
				CLANG_WARN_INFINITE_RECURSION = YES;
				CLANG_WARN_INT_CONVERSION = YES;
				CLANG_WARN_NON_LITERAL_NULL_CONVERSION = YES;
				CLANG_WARN_OBJC_IMPLICIT_RETAIN_SELF = YES;
				CLANG_WARN_OBJC_LITERAL_CONVERSION = YES;
				CLANG_WARN_OBJC_ROOT_CLASS = YES_ERROR;
				CLANG_WARN_QUOTED_INCLUDE_IN_FRAMEWORK_HEADER = YES;
				CLANG_WARN_RANGE_LOOP_ANALYSIS = YES;
				CLANG_WARN_STRICT_PROTOTYPES = YES;
				CLANG_WARN_SUSPICIOUS_MOVE = YES;
				CLANG_WARN_UNGUARDED_AVAILABILITY = YES_AGGRESSIVE;
				CLANG_WARN_UNREACHABLE_CODE = YES;
				CLANG_WARN__DUPLICATE_METHOD_MATCH = YES;
				COPY_PHASE_STRIP = NO;
				DEBUG_INFORMATION_FORMAT = "dwarf-with-dsym";
				ENABLE_NS_ASSERTIONS = NO;
				ENABLE_STRICT_OBJC_MSGSEND = YES;
				GCC_C_LANGUAGE_STANDARD = gnu11;
				GCC_NO_COMMON_BLOCKS = YES;
				GCC_WARN_64_TO_32_BIT_CONVERSION = YES;
				GCC_WARN_ABOUT_RETURN_TYPE = YES_ERROR;
				GCC_WARN_UNDECLARED_SELECTOR = YES;
				GCC_WARN_UNINITIALIZED_AUTOS = YES_AGGRESSIVE;
				GCC_WARN_UNUSED_FUNCTION = YES;
				GCC_WARN_UNUSED_VARIABLE = YES;
				IPHONEOS_DEPLOYMENT_TARGET = 14.4;
				MTL_ENABLE_DEBUG_INFO = NO;
				MTL_FAST_MATH = YES;
				SDKROOT = iphoneos;
				SWIFT_COMPILATION_MODE = wholemodule;
				SWIFT_OPTIMIZATION_LEVEL = "-O";
				VALIDATE_PRODUCT = YES;
			};
			name = Release;
		};
		375E2AC62617497A00E1CFCA /* Debug */ = {
			isa = XCBuildConfiguration;
			baseConfigurationReference = 12E08BC38D02C5418FEA8BD8 /* Pods-Momentum Fitness.debug.xcconfig */;
			buildSettings = {
				ASSETCATALOG_COMPILER_APPICON_NAME = AppIcon;
				ASSETCATALOG_COMPILER_GLOBAL_ACCENT_COLOR_NAME = AccentColor;
				CODE_SIGN_ENTITLEMENTS = "Momentum Fitness/Momentum Fitness.entitlements";
				CODE_SIGN_STYLE = Automatic;
				DEVELOPMENT_TEAM = VDQS4882Z8;
				INFOPLIST_FILE = "Momentum Fitness/Info.plist";
				IPHONEOS_DEPLOYMENT_TARGET = 14.1;
				LD_RUNPATH_SEARCH_PATHS = (
					"$(inherited)",
					"@executable_path/Frameworks",
				);
				PRODUCT_BUNDLE_IDENTIFIER = "ca.sheridancollege.Momentum-Fitness";
				PRODUCT_NAME = "$(TARGET_NAME)";
				SWIFT_VERSION = 5.0;
				TARGETED_DEVICE_FAMILY = "1,2";
			};
			name = Debug;
		};
		375E2AC72617497A00E1CFCA /* Release */ = {
			isa = XCBuildConfiguration;
			baseConfigurationReference = 1B7207F3FE04A127FE723B91 /* Pods-Momentum Fitness.release.xcconfig */;
			buildSettings = {
				ASSETCATALOG_COMPILER_APPICON_NAME = AppIcon;
				ASSETCATALOG_COMPILER_GLOBAL_ACCENT_COLOR_NAME = AccentColor;
				CODE_SIGN_ENTITLEMENTS = "Momentum Fitness/Momentum Fitness.entitlements";
				CODE_SIGN_STYLE = Automatic;
				DEVELOPMENT_TEAM = VDQS4882Z8;
				INFOPLIST_FILE = "Momentum Fitness/Info.plist";
				IPHONEOS_DEPLOYMENT_TARGET = 14.1;
				LD_RUNPATH_SEARCH_PATHS = (
					"$(inherited)",
					"@executable_path/Frameworks",
				);
				PRODUCT_BUNDLE_IDENTIFIER = "ca.sheridancollege.Momentum-Fitness";
				PRODUCT_NAME = "$(TARGET_NAME)";
				SWIFT_VERSION = 5.0;
				TARGETED_DEVICE_FAMILY = "1,2";
			};
			name = Release;
		};
		375E2AC92617497A00E1CFCA /* Debug */ = {
			isa = XCBuildConfiguration;
			baseConfigurationReference = 60136A434DA4079D4A2229E7 /* Pods-Momentum FitnessTests.debug.xcconfig */;
			buildSettings = {
				ALWAYS_EMBED_SWIFT_STANDARD_LIBRARIES = YES;
				BUNDLE_LOADER = "$(TEST_HOST)";
				CODE_SIGN_STYLE = Automatic;
				INFOPLIST_FILE = "Momentum FitnessTests/Info.plist";
				IPHONEOS_DEPLOYMENT_TARGET = 14.1;
				LD_RUNPATH_SEARCH_PATHS = (
					"$(inherited)",
					"@executable_path/Frameworks",
					"@loader_path/Frameworks",
				);
				PRODUCT_BUNDLE_IDENTIFIER = "ca.sheridancollege.Momentum-FitnessTests";
				PRODUCT_NAME = "$(TARGET_NAME)";
				SWIFT_VERSION = 5.0;
				TARGETED_DEVICE_FAMILY = "1,2";
				TEST_HOST = "$(BUILT_PRODUCTS_DIR)/Momentum Fitness.app/Momentum Fitness";
			};
			name = Debug;
		};
		375E2ACA2617497A00E1CFCA /* Release */ = {
			isa = XCBuildConfiguration;
			baseConfigurationReference = FF19EF58E4F677342688565F /* Pods-Momentum FitnessTests.release.xcconfig */;
			buildSettings = {
				ALWAYS_EMBED_SWIFT_STANDARD_LIBRARIES = YES;
				BUNDLE_LOADER = "$(TEST_HOST)";
				CODE_SIGN_STYLE = Automatic;
				INFOPLIST_FILE = "Momentum FitnessTests/Info.plist";
				IPHONEOS_DEPLOYMENT_TARGET = 14.1;
				LD_RUNPATH_SEARCH_PATHS = (
					"$(inherited)",
					"@executable_path/Frameworks",
					"@loader_path/Frameworks",
				);
				PRODUCT_BUNDLE_IDENTIFIER = "ca.sheridancollege.Momentum-FitnessTests";
				PRODUCT_NAME = "$(TARGET_NAME)";
				SWIFT_VERSION = 5.0;
				TARGETED_DEVICE_FAMILY = "1,2";
				TEST_HOST = "$(BUILT_PRODUCTS_DIR)/Momentum Fitness.app/Momentum Fitness";
			};
			name = Release;
		};
		375E2ACC2617497A00E1CFCA /* Debug */ = {
			isa = XCBuildConfiguration;
			baseConfigurationReference = AA202FE910E771CC186C28EE /* Pods-Momentum Fitness-Momentum FitnessUITests.debug.xcconfig */;
			buildSettings = {
				ALWAYS_EMBED_SWIFT_STANDARD_LIBRARIES = YES;
				CODE_SIGN_STYLE = Automatic;
				FRAMEWORK_SEARCH_PATHS = "${PODS_CONFIGURATION_BUILD_DIR}/DLRadioButton\"";
				INFOPLIST_FILE = "Momentum FitnessUITests/Info.plist";
				IPHONEOS_DEPLOYMENT_TARGET = 14.1;
				LD_RUNPATH_SEARCH_PATHS = (
					"$(inherited)",
					"@executable_path/Frameworks",
					"@loader_path/Frameworks",
				);
				PRODUCT_BUNDLE_IDENTIFIER = "ca.sheridancollege.Momentum-FitnessUITests";
				PRODUCT_NAME = "$(TARGET_NAME)";
				SWIFT_VERSION = 5.0;
				TARGETED_DEVICE_FAMILY = "1,2";
				TEST_TARGET_NAME = "Momentum Fitness";
			};
			name = Debug;
		};
		375E2ACD2617497A00E1CFCA /* Release */ = {
			isa = XCBuildConfiguration;
			baseConfigurationReference = 09AB1CCC6AACAE57F7193DC9 /* Pods-Momentum Fitness-Momentum FitnessUITests.release.xcconfig */;
			buildSettings = {
				ALWAYS_EMBED_SWIFT_STANDARD_LIBRARIES = YES;
				CODE_SIGN_STYLE = Automatic;
				FRAMEWORK_SEARCH_PATHS = "${PODS_CONFIGURATION_BUILD_DIR}/DLRadioButton\"";
				"FRAMEWORK_SEARCH_PATHS[arch=*]" = (
					"$(SRCROOT)/**",
					"\"${PODS_CONFIGURATION_BUILD_DIR}/DLRadioButton\"",
					"\"${PODS_CONFIGURATION_BUILD_DIR}/KeychainSwift\"",
				);
				INFOPLIST_FILE = "Momentum FitnessUITests/Info.plist";
				IPHONEOS_DEPLOYMENT_TARGET = 14.1;
				LD_RUNPATH_SEARCH_PATHS = (
					"$(inherited)",
					"@executable_path/Frameworks",
					"@loader_path/Frameworks",
				);
				PRODUCT_BUNDLE_IDENTIFIER = "ca.sheridancollege.Momentum-FitnessUITests";
				PRODUCT_NAME = "$(TARGET_NAME)";
				SWIFT_VERSION = 5.0;
				TARGETED_DEVICE_FAMILY = "1,2";
				TEST_TARGET_NAME = "Momentum Fitness";
			};
			name = Release;
		};
/* End XCBuildConfiguration section */

/* Begin XCConfigurationList section */
		375E2A932617497900E1CFCA /* Build configuration list for PBXProject "Momentum Fitness" */ = {
			isa = XCConfigurationList;
			buildConfigurations = (
				375E2AC32617497A00E1CFCA /* Debug */,
				375E2AC42617497A00E1CFCA /* Release */,
			);
			defaultConfigurationIsVisible = 0;
			defaultConfigurationName = Release;
		};
		375E2AC52617497A00E1CFCA /* Build configuration list for PBXNativeTarget "Momentum Fitness" */ = {
			isa = XCConfigurationList;
			buildConfigurations = (
				375E2AC62617497A00E1CFCA /* Debug */,
				375E2AC72617497A00E1CFCA /* Release */,
			);
			defaultConfigurationIsVisible = 0;
			defaultConfigurationName = Release;
		};
		375E2AC82617497A00E1CFCA /* Build configuration list for PBXNativeTarget "Momentum FitnessTests" */ = {
			isa = XCConfigurationList;
			buildConfigurations = (
				375E2AC92617497A00E1CFCA /* Debug */,
				375E2ACA2617497A00E1CFCA /* Release */,
			);
			defaultConfigurationIsVisible = 0;
			defaultConfigurationName = Release;
		};
		375E2ACB2617497A00E1CFCA /* Build configuration list for PBXNativeTarget "Momentum FitnessUITests" */ = {
			isa = XCConfigurationList;
			buildConfigurations = (
				375E2ACC2617497A00E1CFCA /* Debug */,
				375E2ACD2617497A00E1CFCA /* Release */,
			);
			defaultConfigurationIsVisible = 0;
			defaultConfigurationName = Release;
		};
/* End XCConfigurationList section */

/* Begin XCVersionGroup section */
		375E2AA42617497900E1CFCA /* Momentum_Fitness.xcdatamodeld */ = {
			isa = XCVersionGroup;
			children = (
				375E2AA52617497900E1CFCA /* Momentum_Fitness.xcdatamodel */,
			);
			currentVersion = 375E2AA52617497900E1CFCA /* Momentum_Fitness.xcdatamodel */;
			path = Momentum_Fitness.xcdatamodeld;
			sourceTree = "<group>";
			versionGroupType = wrapper.xcdatamodel;
		};
/* End XCVersionGroup section */
	};
	rootObject = 375E2A902617497900E1CFCA /* Project object */;
}
